
Microsoft Visual Studio Solution File, Format Version 12.00
# Visual Studio Version 16
VisualStudioVersion = 16.0.31321.278
MinimumVisualStudioVersion = 10.0.40219.1
Project("{FAE04EC0-301F-11D3-BF4B-00C04F79EFBC}") = "SistemaPaware", "SistemaPaware\SistemaPaware.csproj", "{0E812F21-4F75-475C-BDAF-60759AA1453A}"
EndProject
Global
	GlobalSection(SolutionConfigurationPlatforms) = preSolution
		Debug|Any CPU = Debug|Any CPU
		Release|Any CPU = Release|Any CPU
	EndGlobalSection
	GlobalSection(ProjectConfigurationPlatforms) = postSolution
		{0E812F21-4F75-475C-BDAF-60759AA1453A}.Debug|Any CPU.ActiveCfg = Debug|Any CPU
		{0E812F21-4F75-475C-BDAF-60759AA1453A}.Debug|Any CPU.Build.0 = Debug|Any CPU
		{0E812F21-4F75-475C-BDAF-60759AA1453A}.Release|Any CPU.ActiveCfg = Release|Any CPU
		{0E812F21-4F75-475C-BDAF-60759AA1453A}.Release|Any CPU.Build.0 = Release|Any CPU
	EndGlobalSection
	GlobalSection(SolutionProperties) = preSolution
		HideSolutionNode = FALSE
	EndGlobalSection
	GlobalSection(ExtensibilityGlobals) = postSolution
		SolutionGuid = {C3D45E1D-72AC-43C6-9EB1-01BDBC649DA3}
	EndGlobalSection
EndGlobal
